// !$*UTF8*$!
{
	archiveVersion = 1;
	classes = {
	};
	objectVersion = 50;
	objects = {

/* Begin PBXBuildFile section */
		773FB6E421DE8DFB00D969F4 /* ProjectsView.swift in Sources */ = {isa = PBXBuildFile; fileRef = 773FB6E321DE8DFB00D969F4 /* ProjectsView.swift */; };
		773FB6E721DE8E5C00D969F4 /* ProjectCell.swift in Sources */ = {isa = PBXBuildFile; fileRef = 773FB6E621DE8E5C00D969F4 /* ProjectCell.swift */; };
		77B792C521DFDA7B00B26CF6 /* AchievementsView.swift in Sources */ = {isa = PBXBuildFile; fileRef = 77B792C421DFDA7B00B26CF6 /* AchievementsView.swift */; };
		77B792C721DFDAC500B26CF6 /* AchievementCell.swift in Sources */ = {isa = PBXBuildFile; fileRef = 77B792C621DFDAC500B26CF6 /* AchievementCell.swift */; };
		8F76974C21D0207000931005 /* AppDelegate.swift in Sources */ = {isa = PBXBuildFile; fileRef = 8F76974B21D0207000931005 /* AppDelegate.swift */; };
		8F76975321D0207200931005 /* Assets.xcassets in Resources */ = {isa = PBXBuildFile; fileRef = 8F76975221D0207200931005 /* Assets.xcassets */; };
		8F76975621D0207200931005 /* LaunchScreen.storyboard in Resources */ = {isa = PBXBuildFile; fileRef = 8F76975421D0207200931005 /* LaunchScreen.storyboard */; };
		8F76975E21D14D7900931005 /* LoginController.swift in Sources */ = {isa = PBXBuildFile; fileRef = 8F76975D21D14D7900931005 /* LoginController.swift */; };
		8F95C9BE21D2AD8300414BB2 /* Struct.swift in Sources */ = {isa = PBXBuildFile; fileRef = 8F95C9BD21D2AD8300414BB2 /* Struct.swift */; };
		8F95C9C421D388A100414BB2 /* ProfilController.swift in Sources */ = {isa = PBXBuildFile; fileRef = 8F95C9C321D388A100414BB2 /* ProfilController.swift */; };
		8F95C9C721D388D100414BB2 /* HeaderView.swift in Sources */ = {isa = PBXBuildFile; fileRef = 8F95C9C621D388D100414BB2 /* HeaderView.swift */; };
		8F95C9C921D38B4C00414BB2 /* SkillsView.swift in Sources */ = {isa = PBXBuildFile; fileRef = 8F95C9C821D38B4C00414BB2 /* SkillsView.swift */; };
		8F95C9CB21D38D4200414BB2 /* SkillCell.swift in Sources */ = {isa = PBXBuildFile; fileRef = 8F95C9CA21D38D4200414BB2 /* SkillCell.swift */; };
/* End PBXBuildFile section */

/* Begin PBXFileReference section */
		773FB6E321DE8DFB00D969F4 /* ProjectsView.swift */ = {isa = PBXFileReference; lastKnownFileType = sourcecode.swift; path = ProjectsView.swift; sourceTree = "<group>"; };
		773FB6E621DE8E5C00D969F4 /* ProjectCell.swift */ = {isa = PBXFileReference; lastKnownFileType = sourcecode.swift; path = ProjectCell.swift; sourceTree = "<group>"; };
		77B792C421DFDA7B00B26CF6 /* AchievementsView.swift */ = {isa = PBXFileReference; lastKnownFileType = sourcecode.swift; path = AchievementsView.swift; sourceTree = "<group>"; };
		77B792C621DFDAC500B26CF6 /* AchievementCell.swift */ = {isa = PBXFileReference; lastKnownFileType = sourcecode.swift; path = AchievementCell.swift; sourceTree = "<group>"; };
		8F76974821D0207000931005 /* Swifty-Companion.app */ = {isa = PBXFileReference; explicitFileType = wrapper.application; includeInIndex = 0; path = "Swifty-Companion.app"; sourceTree = BUILT_PRODUCTS_DIR; };
		8F76974B21D0207000931005 /* AppDelegate.swift */ = {isa = PBXFileReference; lastKnownFileType = sourcecode.swift; path = AppDelegate.swift; sourceTree = "<group>"; };
		8F76975221D0207200931005 /* Assets.xcassets */ = {isa = PBXFileReference; lastKnownFileType = folder.assetcatalog; path = Assets.xcassets; sourceTree = "<group>"; };
		8F76975521D0207200931005 /* Base */ = {isa = PBXFileReference; lastKnownFileType = file.storyboard; name = Base; path = Base.lproj/LaunchScreen.storyboard; sourceTree = "<group>"; };
		8F76975721D0207200931005 /* Info.plist */ = {isa = PBXFileReference; lastKnownFileType = text.plist.xml; path = Info.plist; sourceTree = "<group>"; };
		8F76975D21D14D7900931005 /* LoginController.swift */ = {isa = PBXFileReference; lastKnownFileType = sourcecode.swift; path = LoginController.swift; sourceTree = "<group>"; };
		8F95C9BD21D2AD8300414BB2 /* Struct.swift */ = {isa = PBXFileReference; lastKnownFileType = sourcecode.swift; path = Struct.swift; sourceTree = "<group>"; };
		8F95C9C321D388A100414BB2 /* ProfilController.swift */ = {isa = PBXFileReference; lastKnownFileType = sourcecode.swift; path = ProfilController.swift; sourceTree = "<group>"; };
		8F95C9C621D388D100414BB2 /* HeaderView.swift */ = {isa = PBXFileReference; lastKnownFileType = sourcecode.swift; path = HeaderView.swift; sourceTree = "<group>"; };
		8F95C9C821D38B4C00414BB2 /* SkillsView.swift */ = {isa = PBXFileReference; lastKnownFileType = sourcecode.swift; path = SkillsView.swift; sourceTree = "<group>"; };
		8F95C9CA21D38D4200414BB2 /* SkillCell.swift */ = {isa = PBXFileReference; lastKnownFileType = sourcecode.swift; path = SkillCell.swift; sourceTree = "<group>"; };
/* End PBXFileReference section */

/* Begin PBXFrameworksBuildPhase section */
		8F76974521D0207000931005 /* Frameworks */ = {
			isa = PBXFrameworksBuildPhase;
			buildActionMask = 2147483647;
			files = (
			);
			runOnlyForDeploymentPostprocessing = 0;
		};
/* End PBXFrameworksBuildPhase section */

/* Begin PBXGroup section */
		773FB6E521DE8E3900D969F4 /* Cells */ = {
			isa = PBXGroup;
			children = (
				8F95C9CA21D38D4200414BB2 /* SkillCell.swift */,
				773FB6E621DE8E5C00D969F4 /* ProjectCell.swift */,
				77B792C621DFDAC500B26CF6 /* AchievementCell.swift */,
			);
			path = Cells;
			sourceTree = "<group>";
		};
		8F76973F21D0207000931005 = {
			isa = PBXGroup;
			children = (
				8F76974A21D0207000931005 /* Swifty-Companion */,
				8F76974921D0207000931005 /* Products */,
			);
			sourceTree = "<group>";
		};
		8F76974921D0207000931005 /* Products */ = {
			isa = PBXGroup;
			children = (
				8F76974821D0207000931005 /* Swifty-Companion.app */,
			);
			name = Products;
			sourceTree = "<group>";
		};
		8F76974A21D0207000931005 /* Swifty-Companion */ = {
			isa = PBXGroup;
			children = (
				773FB6E521DE8E3900D969F4 /* Cells */,
				8F95C9C521D388B500414BB2 /* Views */,
				8F76974B21D0207000931005 /* AppDelegate.swift */,
				8F76975221D0207200931005 /* Assets.xcassets */,
				8F76975421D0207200931005 /* LaunchScreen.storyboard */,
				8F76975721D0207200931005 /* Info.plist */,
				8F76975D21D14D7900931005 /* LoginController.swift */,
				8F95C9BD21D2AD8300414BB2 /* Struct.swift */,
				8F95C9C321D388A100414BB2 /* ProfilController.swift */,
			);
			path = "Swifty-Companion";
			sourceTree = "<group>";
		};
		8F95C9C521D388B500414BB2 /* Views */ = {
			isa = PBXGroup;
			children = (
				8F95C9C621D388D100414BB2 /* HeaderView.swift */,
				8F95C9C821D38B4C00414BB2 /* SkillsView.swift */,
				773FB6E321DE8DFB00D969F4 /* ProjectsView.swift */,
				77B792C421DFDA7B00B26CF6 /* AchievementsView.swift */,
			);
			path = Views;
			sourceTree = "<group>";
		};
/* End PBXGroup section */

/* Begin PBXNativeTarget section */
		8F76974721D0207000931005 /* Swifty-Companion */ = {
			isa = PBXNativeTarget;
			buildConfigurationList = 8F76975A21D0207200931005 /* Build configuration list for PBXNativeTarget "Swifty-Companion" */;
			buildPhases = (
				8F76974421D0207000931005 /* Sources */,
				8F76974521D0207000931005 /* Frameworks */,
				8F76974621D0207000931005 /* Resources */,
			);
			buildRules = (
			);
			dependencies = (
			);
			name = "Swifty-Companion";
			productName = "Swifty-Companion";
			productReference = 8F76974821D0207000931005 /* Swifty-Companion.app */;
			productType = "com.apple.product-type.application";
		};
/* End PBXNativeTarget section */

/* Begin PBXProject section */
		8F76974021D0207000931005 /* Project object */ = {
			isa = PBXProject;
			attributes = {
				LastSwiftUpdateCheck = 1010;
				LastUpgradeCheck = 1010;
				ORGANIZATIONNAME = "Etienne Tranchier";
				TargetAttributes = {
					8F76974721D0207000931005 = {
						CreatedOnToolsVersion = 10.1;
					};
				};
			};
			buildConfigurationList = 8F76974321D0207000931005 /* Build configuration list for PBXProject "Swifty-Companion" */;
			compatibilityVersion = "Xcode 9.3";
			developmentRegion = en;
			hasScannedForEncodings = 0;
			knownRegions = (
				en,
				Base,
			);
			mainGroup = 8F76973F21D0207000931005;
			productRefGroup = 8F76974921D0207000931005 /* Products */;
			projectDirPath = "";
			projectRoot = "";
			targets = (
				8F76974721D0207000931005 /* Swifty-Companion */,
			);
		};
/* End PBXProject section */

/* Begin PBXResourcesBuildPhase section */
		8F76974621D0207000931005 /* Resources */ = {
			isa = PBXResourcesBuildPhase;
			buildActionMask = 2147483647;
			files = (
				8F76975621D0207200931005 /* LaunchScreen.storyboard in Resources */,
				8F76975321D0207200931005 /* Assets.xcassets in Resources */,
			);
			runOnlyForDeploymentPostprocessing = 0;
		};
/* End PBXResourcesBuildPhase section */

/* Begin PBXSourcesBuildPhase section */
		8F76974421D0207000931005 /* Sources */ = {
			isa = PBXSourcesBuildPhase;
			buildActionMask = 2147483647;
			files = (
				8F95C9C921D38B4C00414BB2 /* SkillsView.swift in Sources */,
				8F95C9C721D388D100414BB2 /* HeaderView.swift in Sources */,
				77B792C521DFDA7B00B26CF6 /* AchievementsView.swift in Sources */,
				773FB6E421DE8DFB00D969F4 /* ProjectsView.swift in Sources */,
				8F95C9CB21D38D4200414BB2 /* SkillCell.swift in Sources */,
				773FB6E721DE8E5C00D969F4 /* ProjectCell.swift in Sources */,
				8F95C9C421D388A100414BB2 /* ProfilController.swift in Sources */,
				8F76975E21D14D7900931005 /* LoginController.swift in Sources */,
				77B792C721DFDAC500B26CF6 /* AchievementCell.swift in Sources */,
				8F76974C21D0207000931005 /* AppDelegate.swift in Sources */,
				8F95C9BE21D2AD8300414BB2 /* Struct.swift in Sources */,
			);
			runOnlyForDeploymentPostprocessing = 0;
		};
/* End PBXSourcesBuildPhase section */

/* Begin PBXVariantGroup section */
		8F76975421D0207200931005 /* LaunchScreen.storyboard */ = {
			isa = PBXVariantGroup;
			children = (
				8F76975521D0207200931005 /* Base */,
			);
			name = LaunchScreen.storyboard;
			sourceTree = "<group>";
		};
/* End PBXVariantGroup section */

/* Begin XCBuildConfiguration section */
		8F76975821D0207200931005 /* Debug */ = {
			isa = XCBuildConfiguration;
			buildSettings = {
				ALWAYS_SEARCH_USER_PATHS = NO;
				CLANG_ANALYZER_NONNULL = YES;
				CLANG_ANALYZER_NUMBER_OBJECT_CONVERSION = YES_AGGRESSIVE;
				CLANG_CXX_LANGUAGE_STANDARD = "gnu++14";
				CLANG_CXX_LIBRARY = "libc++";
				CLANG_ENABLE_MODULES = YES;
				CLANG_ENABLE_OBJC_ARC = YES;
				CLANG_ENABLE_OBJC_WEAK = YES;
				CLANG_WARN_BLOCK_CAPTURE_AUTORELEASING = YES;
				CLANG_WARN_BOOL_CONVERSION = YES;
				CLANG_WARN_COMMA = YES;
				CLANG_WARN_CONSTANT_CONVERSION = YES;
				CLANG_WARN_DEPRECATED_OBJC_IMPLEMENTATIONS = YES;
				CLANG_WARN_DIRECT_OBJC_ISA_USAGE = YES_ERROR;
				CLANG_WARN_DOCUMENTATION_COMMENTS = YES;
				CLANG_WARN_EMPTY_BODY = YES;
				CLANG_WARN_ENUM_CONVERSION = YES;
				CLANG_WARN_INFINITE_RECURSION = YES;
				CLANG_WARN_INT_CONVERSION = YES;
				CLANG_WARN_NON_LITERAL_NULL_CONVERSION = YES;
				CLANG_WARN_OBJC_IMPLICIT_RETAIN_SELF = YES;
				CLANG_WARN_OBJC_LITERAL_CONVERSION = YES;
				CLANG_WARN_OBJC_ROOT_CLASS = YES_ERROR;
				CLANG_WARN_RANGE_LOOP_ANALYSIS = YES;
				CLANG_WARN_STRICT_PROTOTYPES = YES;
				CLANG_WARN_SUSPICIOUS_MOVE = YES;
				CLANG_WARN_UNGUARDED_AVAILABILITY = YES_AGGRESSIVE;
				CLANG_WARN_UNREACHABLE_CODE = YES;
				CLANG_WARN__DUPLICATE_METHOD_MATCH = YES;
				CODE_SIGN_IDENTITY = "iPhone Developer";
				COPY_PHASE_STRIP = NO;
				DEBUG_INFORMATION_FORMAT = dwarf;
				ENABLE_STRICT_OBJC_MSGSEND = YES;
				ENABLE_TESTABILITY = YES;
				GCC_C_LANGUAGE_STANDARD = gnu11;
				GCC_DYNAMIC_NO_PIC = NO;
				GCC_NO_COMMON_BLOCKS = YES;
				GCC_OPTIMIZATION_LEVEL = 0;
				GCC_PREPROCESSOR_DEFINITIONS = (
					"DEBUG=1",
					"$(inherited)",
				);
				GCC_WARN_64_TO_32_BIT_CONVERSION = YES;
				GCC_WARN_ABOUT_RETURN_TYPE = YES_ERROR;
				GCC_WARN_UNDECLARED_SELECTOR = YES;
				GCC_WARN_UNINITIALIZED_AUTOS = YES_AGGRESSIVE;
				GCC_WARN_UNUSED_FUNCTION = YES;
				GCC_WARN_UNUSED_VARIABLE = YES;
				IPHONEOS_DEPLOYMENT_TARGET = 12.1;
				MTL_ENABLE_DEBUG_INFO = INCLUDE_SOURCE;
				MTL_FAST_MATH = YES;
				ONLY_ACTIVE_ARCH = YES;
				SDKROOT = iphoneos;
				SWIFT_ACTIVE_COMPILATION_CONDITIONS = DEBUG;
				SWIFT_OPTIMIZATION_LEVEL = "-Onone";
			};
			name = Debug;
		};
		8F76975921D0207200931005 /* Release */ = {
			isa = XCBuildConfiguration;
			buildSettings = {
				ALWAYS_SEARCH_USER_PATHS = NO;
				CLANG_ANALYZER_NONNULL = YES;
				CLANG_ANALYZER_NUMBER_OBJECT_CONVERSION = YES_AGGRESSIVE;
				CLANG_CXX_LANGUAGE_STANDARD = "gnu++14";
				CLANG_CXX_LIBRARY = "libc++";
				CLANG_ENABLE_MODULES = YES;
				CLANG_ENABLE_OBJC_ARC = YES;
				CLANG_ENABLE_OBJC_WEAK = YES;
				CLANG_WARN_BLOCK_CAPTURE_AUTORELEASING = YES;
				CLANG_WARN_BOOL_CONVERSION = YES;
				CLANG_WARN_COMMA = YES;
				CLANG_WARN_CONSTANT_CONVERSION = YES;
				CLANG_WARN_DEPRECATED_OBJC_IMPLEMENTATIONS = YES;
				CLANG_WARN_DIRECT_OBJC_ISA_USAGE = YES_ERROR;
				CLANG_WARN_DOCUMENTATION_COMMENTS = YES;
				CLANG_WARN_EMPTY_BODY = YES;
				CLANG_WARN_ENUM_CONVERSION = YES;
				CLANG_WARN_INFINITE_RECURSION = YES;
				CLANG_WARN_INT_CONVERSION = YES;
				CLANG_WARN_NON_LITERAL_NULL_CONVERSION = YES;
				CLANG_WARN_OBJC_IMPLICIT_RETAIN_SELF = YES;
				CLANG_WARN_OBJC_LITERAL_CONVERSION = YES;
				CLANG_WARN_OBJC_ROOT_CLASS = YES_ERROR;
				CLANG_WARN_RANGE_LOOP_ANALYSIS = YES;
				CLANG_WARN_STRICT_PROTOTYPES = YES;
				CLANG_WARN_SUSPICIOUS_MOVE = YES;
				CLANG_WARN_UNGUARDED_AVAILABILITY = YES_AGGRESSIVE;
				CLANG_WARN_UNREACHABLE_CODE = YES;
				CLANG_WARN__DUPLICATE_METHOD_MATCH = YES;
				CODE_SIGN_IDENTITY = "iPhone Developer";
				COPY_PHASE_STRIP = NO;
				DEBUG_INFORMATION_FORMAT = "dwarf-with-dsym";
				ENABLE_NS_ASSERTIONS = NO;
				ENABLE_STRICT_OBJC_MSGSEND = YES;
				GCC_C_LANGUAGE_STANDARD = gnu11;
				GCC_NO_COMMON_BLOCKS = YES;
				GCC_WARN_64_TO_32_BIT_CONVERSION = YES;
				GCC_WARN_ABOUT_RETURN_TYPE = YES_ERROR;
				GCC_WARN_UNDECLARED_SELECTOR = YES;
				GCC_WARN_UNINITIALIZED_AUTOS = YES_AGGRESSIVE;
				GCC_WARN_UNUSED_FUNCTION = YES;
				GCC_WARN_UNUSED_VARIABLE = YES;
				IPHONEOS_DEPLOYMENT_TARGET = 12.1;
				MTL_ENABLE_DEBUG_INFO = NO;
				MTL_FAST_MATH = YES;
				SDKROOT = iphoneos;
				SWIFT_COMPILATION_MODE = wholemodule;
				SWIFT_OPTIMIZATION_LEVEL = "-O";
				VALIDATE_PRODUCT = YES;
			};
			name = Release;
		};
		8F76975B21D0207200931005 /* Debug */ = {
			isa = XCBuildConfiguration;
			buildSettings = {
				ASSETCATALOG_COMPILER_APPICON_NAME = AppIcon;
				CODE_SIGN_STYLE = Automatic;
				DEVELOPMENT_TEAM = 29Y6KB6HZJ;
				INFOPLIST_FILE = "Swifty-Companion/Info.plist";
				LD_RUNPATH_SEARCH_PATHS = (
					"$(inherited)",
					"@executable_path/Frameworks",
				);
				PRODUCT_BUNDLE_IDENTIFIER = "etranchi.Swifty-Companion";
				PRODUCT_NAME = "$(TARGET_NAME)";
				SWIFT_VERSION = 4.2;
				TARGETED_DEVICE_FAMILY = "1,2";
			};
			name = Debug;
		};
		8F76975C21D0207200931005 /* Release */ = {
			isa = XCBuildConfiguration;
			buildSettings = {
				ASSETCATALOG_COMPILER_APPICON_NAME = AppIcon;
				CODE_SIGN_STYLE = Automatic;
				DEVELOPMENT_TEAM = 29Y6KB6HZJ;
				INFOPLIST_FILE = "Swifty-Companion/Info.plist";
				LD_RUNPATH_SEARCH_PATHS = (
					"$(inherited)",
					"@executable_path/Frameworks",
				);
				PRODUCT_BUNDLE_IDENTIFIER = "etranchi.Swifty-Companion";
				PRODUCT_NAME = "$(TARGET_NAME)";
				SWIFT_VERSION = 4.2;
				TARGETED_DEVICE_FAMILY = "1,2";
			};
			name = Release;
		};
/* End XCBuildConfiguration section */

/* Begin XCConfigurationList section */
		8F76974321D0207000931005 /* Build configuration list for PBXProject "Swifty-Companion" */ = {
			isa = XCConfigurationList;
			buildConfigurations = (
				8F76975821D0207200931005 /* Debug */,
				8F76975921D0207200931005 /* Release */,
			);
			defaultConfigurationIsVisible = 0;
			defaultConfigurationName = Release;
		};
		8F76975A21D0207200931005 /* Build configuration list for PBXNativeTarget "Swifty-Companion" */ = {
			isa = XCConfigurationList;
			buildConfigurations = (
				8F76975B21D0207200931005 /* Debug */,
				8F76975C21D0207200931005 /* Release */,
			);
			defaultConfigurationIsVisible = 0;
			defaultConfigurationName = Release;
		};
/* End XCConfigurationList section */
	};
	rootObject = 8F76974021D0207000931005 /* Project object */;
}
